// !$*UTF8*$!
{
	archiveVersion = 1;
	classes = {
	};
	objectVersion = 50;
	objects = {

/* Begin PBXBuildFile section */
		92DBB33B22A5F76600836263 /* TaskCell.swift in Sources */ = {isa = PBXBuildFile; fileRef = 92DBB33A22A5F76600836263 /* TaskCell.swift */; };
		98D0F68B22A4D5E3006547C6 /* AppDelegate.swift in Sources */ = {isa = PBXBuildFile; fileRef = 98D0F68A22A4D5E3006547C6 /* AppDelegate.swift */; };
		98D0F68D22A4D5E3006547C6 /* MenuViewController.swift in Sources */ = {isa = PBXBuildFile; fileRef = 98D0F68C22A4D5E3006547C6 /* MenuViewController.swift */; };
		98D0F69022A4D5E3006547C6 /* Main.storyboard in Resources */ = {isa = PBXBuildFile; fileRef = 98D0F68E22A4D5E3006547C6 /* Main.storyboard */; };
		98D0F69222A4D5E5006547C6 /* Assets.xcassets in Resources */ = {isa = PBXBuildFile; fileRef = 98D0F69122A4D5E5006547C6 /* Assets.xcassets */; };
		98D0F69522A4D5E5006547C6 /* LaunchScreen.storyboard in Resources */ = {isa = PBXBuildFile; fileRef = 98D0F69322A4D5E5006547C6 /* LaunchScreen.storyboard */; };
		98D0F6A022A4D5E5006547C6 /* Task_RPGTests.swift in Sources */ = {isa = PBXBuildFile; fileRef = 98D0F69F22A4D5E5006547C6 /* Task_RPGTests.swift */; };
		98D0F6AB22A4D5E5006547C6 /* Task_RPGUITests.swift in Sources */ = {isa = PBXBuildFile; fileRef = 98D0F6AA22A4D5E5006547C6 /* Task_RPGUITests.swift */; };
		98D0F6B922A4DCB3006547C6 /* TaskViewController.swift in Sources */ = {isa = PBXBuildFile; fileRef = 98D0F6B822A4DCB3006547C6 /* TaskViewController.swift */; };
/* End PBXBuildFile section */

/* Begin PBXContainerItemProxy section */
		98D0F69C22A4D5E5006547C6 /* PBXContainerItemProxy */ = {
			isa = PBXContainerItemProxy;
			containerPortal = 98D0F67F22A4D5E3006547C6 /* Project object */;
			proxyType = 1;
			remoteGlobalIDString = 98D0F68622A4D5E3006547C6;
			remoteInfo = "Task RPG";
		};
		98D0F6A722A4D5E5006547C6 /* PBXContainerItemProxy */ = {
			isa = PBXContainerItemProxy;
			containerPortal = 98D0F67F22A4D5E3006547C6 /* Project object */;
			proxyType = 1;
			remoteGlobalIDString = 98D0F68622A4D5E3006547C6;
			remoteInfo = "Task RPG";
		};
/* End PBXContainerItemProxy section */

/* Begin PBXFileReference section */
		92DBB33A22A5F76600836263 /* TaskCell.swift */ = {isa = PBXFileReference; lastKnownFileType = sourcecode.swift; path = TaskCell.swift; sourceTree = "<group>"; };
		98D0F68722A4D5E3006547C6 /* Task RPG.app */ = {isa = PBXFileReference; explicitFileType = wrapper.application; includeInIndex = 0; path = "Task RPG.app"; sourceTree = BUILT_PRODUCTS_DIR; };
		98D0F68A22A4D5E3006547C6 /* AppDelegate.swift */ = {isa = PBXFileReference; lastKnownFileType = sourcecode.swift; path = AppDelegate.swift; sourceTree = "<group>"; };
		98D0F68C22A4D5E3006547C6 /* MenuViewController.swift */ = {isa = PBXFileReference; lastKnownFileType = sourcecode.swift; path = MenuViewController.swift; sourceTree = "<group>"; };
		98D0F68F22A4D5E3006547C6 /* Base */ = {isa = PBXFileReference; lastKnownFileType = file.storyboard; name = Base; path = Base.lproj/Main.storyboard; sourceTree = "<group>"; };
		98D0F69122A4D5E5006547C6 /* Assets.xcassets */ = {isa = PBXFileReference; lastKnownFileType = folder.assetcatalog; path = Assets.xcassets; sourceTree = "<group>"; };
		98D0F69422A4D5E5006547C6 /* Base */ = {isa = PBXFileReference; lastKnownFileType = file.storyboard; name = Base; path = Base.lproj/LaunchScreen.storyboard; sourceTree = "<group>"; };
		98D0F69622A4D5E5006547C6 /* Info.plist */ = {isa = PBXFileReference; lastKnownFileType = text.plist.xml; path = Info.plist; sourceTree = "<group>"; };
		98D0F69B22A4D5E5006547C6 /* Task RPGTests.xctest */ = {isa = PBXFileReference; explicitFileType = wrapper.cfbundle; includeInIndex = 0; path = "Task RPGTests.xctest"; sourceTree = BUILT_PRODUCTS_DIR; };
		98D0F69F22A4D5E5006547C6 /* Task_RPGTests.swift */ = {isa = PBXFileReference; lastKnownFileType = sourcecode.swift; path = Task_RPGTests.swift; sourceTree = "<group>"; };
		98D0F6A122A4D5E5006547C6 /* Info.plist */ = {isa = PBXFileReference; lastKnownFileType = text.plist.xml; path = Info.plist; sourceTree = "<group>"; };
		98D0F6A622A4D5E5006547C6 /* Task RPGUITests.xctest */ = {isa = PBXFileReference; explicitFileType = wrapper.cfbundle; includeInIndex = 0; path = "Task RPGUITests.xctest"; sourceTree = BUILT_PRODUCTS_DIR; };
		98D0F6AA22A4D5E5006547C6 /* Task_RPGUITests.swift */ = {isa = PBXFileReference; lastKnownFileType = sourcecode.swift; path = Task_RPGUITests.swift; sourceTree = "<group>"; };
		98D0F6AC22A4D5E5006547C6 /* Info.plist */ = {isa = PBXFileReference; lastKnownFileType = text.plist.xml; path = Info.plist; sourceTree = "<group>"; };
		98D0F6B822A4DCB3006547C6 /* TaskViewController.swift */ = {isa = PBXFileReference; lastKnownFileType = sourcecode.swift; path = TaskViewController.swift; sourceTree = "<group>"; };
/* End PBXFileReference section */

/* Begin PBXFrameworksBuildPhase section */
		98D0F68422A4D5E3006547C6 /* Frameworks */ = {
			isa = PBXFrameworksBuildPhase;
			buildActionMask = 2147483647;
			files = (
			);
			runOnlyForDeploymentPostprocessing = 0;
		};
		98D0F69822A4D5E5006547C6 /* Frameworks */ = {
			isa = PBXFrameworksBuildPhase;
			buildActionMask = 2147483647;
			files = (
			);
			runOnlyForDeploymentPostprocessing = 0;
		};
		98D0F6A322A4D5E5006547C6 /* Frameworks */ = {
			isa = PBXFrameworksBuildPhase;
			buildActionMask = 2147483647;
			files = (
			);
			runOnlyForDeploymentPostprocessing = 0;
		};
/* End PBXFrameworksBuildPhase section */

/* Begin PBXGroup section */
		98D0F67E22A4D5E3006547C6 = {
			isa = PBXGroup;
			children = (
				98D0F68922A4D5E3006547C6 /* Task RPG */,
				98D0F69E22A4D5E5006547C6 /* Task RPGTests */,
				98D0F6A922A4D5E5006547C6 /* Task RPGUITests */,
				98D0F68822A4D5E3006547C6 /* Products */,
			);
			sourceTree = "<group>";
		};
		98D0F68822A4D5E3006547C6 /* Products */ = {
			isa = PBXGroup;
			children = (
				98D0F68722A4D5E3006547C6 /* Task RPG.app */,
				98D0F69B22A4D5E5006547C6 /* Task RPGTests.xctest */,
				98D0F6A622A4D5E5006547C6 /* Task RPGUITests.xctest */,
			);
			name = Products;
			sourceTree = "<group>";
		};
		98D0F68922A4D5E3006547C6 /* Task RPG */ = {
			isa = PBXGroup;
			children = (
				98D0F68A22A4D5E3006547C6 /* AppDelegate.swift */,
				98D0F68C22A4D5E3006547C6 /* MenuViewController.swift */,
				98D0F6B822A4DCB3006547C6 /* TaskViewController.swift */,
				92DBB33A22A5F76600836263 /* TaskCell.swift */,
				98D0F68E22A4D5E3006547C6 /* Main.storyboard */,
				98D0F69122A4D5E5006547C6 /* Assets.xcassets */,
				98D0F69322A4D5E5006547C6 /* LaunchScreen.storyboard */,
				98D0F69622A4D5E5006547C6 /* Info.plist */,
			);
			path = "Task RPG";
			sourceTree = "<group>";
		};
		98D0F69E22A4D5E5006547C6 /* Task RPGTests */ = {
			isa = PBXGroup;
			children = (
				98D0F69F22A4D5E5006547C6 /* Task_RPGTests.swift */,
				98D0F6A122A4D5E5006547C6 /* Info.plist */,
			);
			path = "Task RPGTests";
			sourceTree = "<group>";
		};
		98D0F6A922A4D5E5006547C6 /* Task RPGUITests */ = {
			isa = PBXGroup;
			children = (
				98D0F6AA22A4D5E5006547C6 /* Task_RPGUITests.swift */,
				98D0F6AC22A4D5E5006547C6 /* Info.plist */,
			);
			path = "Task RPGUITests";
			sourceTree = "<group>";
		};
/* End PBXGroup section */

/* Begin PBXNativeTarget section */
		98D0F68622A4D5E3006547C6 /* Task RPG */ = {
			isa = PBXNativeTarget;
			buildConfigurationList = 98D0F6AF22A4D5E5006547C6 /* Build configuration list for PBXNativeTarget "Task RPG" */;
			buildPhases = (
				98D0F68322A4D5E3006547C6 /* Sources */,
				98D0F68422A4D5E3006547C6 /* Frameworks */,
				98D0F68522A4D5E3006547C6 /* Resources */,
			);
			buildRules = (
			);
			dependencies = (
			);
			name = "Task RPG";
			productName = "Task RPG";
			productReference = 98D0F68722A4D5E3006547C6 /* Task RPG.app */;
			productType = "com.apple.product-type.application";
		};
		98D0F69A22A4D5E5006547C6 /* Task RPGTests */ = {
			isa = PBXNativeTarget;
			buildConfigurationList = 98D0F6B222A4D5E5006547C6 /* Build configuration list for PBXNativeTarget "Task RPGTests" */;
			buildPhases = (
				98D0F69722A4D5E5006547C6 /* Sources */,
				98D0F69822A4D5E5006547C6 /* Frameworks */,
				98D0F69922A4D5E5006547C6 /* Resources */,
			);
			buildRules = (
			);
			dependencies = (
				98D0F69D22A4D5E5006547C6 /* PBXTargetDependency */,
			);
			name = "Task RPGTests";
			productName = "Task RPGTests";
			productReference = 98D0F69B22A4D5E5006547C6 /* Task RPGTests.xctest */;
			productType = "com.apple.product-type.bundle.unit-test";
		};
		98D0F6A522A4D5E5006547C6 /* Task RPGUITests */ = {
			isa = PBXNativeTarget;
			buildConfigurationList = 98D0F6B522A4D5E5006547C6 /* Build configuration list for PBXNativeTarget "Task RPGUITests" */;
			buildPhases = (
				98D0F6A222A4D5E5006547C6 /* Sources */,
				98D0F6A322A4D5E5006547C6 /* Frameworks */,
				98D0F6A422A4D5E5006547C6 /* Resources */,
			);
			buildRules = (
			);
			dependencies = (
				98D0F6A822A4D5E5006547C6 /* PBXTargetDependency */,
			);
			name = "Task RPGUITests";
			productName = "Task RPGUITests";
			productReference = 98D0F6A622A4D5E5006547C6 /* Task RPGUITests.xctest */;
			productType = "com.apple.product-type.bundle.ui-testing";
		};
/* End PBXNativeTarget section */

/* Begin PBXProject section */
		98D0F67F22A4D5E3006547C6 /* Project object */ = {
			isa = PBXProject;
			attributes = {
				LastSwiftUpdateCheck = 1010;
				LastUpgradeCheck = 1010;
				ORGANIZATIONNAME = "Terence Lau";
				TargetAttributes = {
					98D0F68622A4D5E3006547C6 = {
						CreatedOnToolsVersion = 10.1;
					};
					98D0F69A22A4D5E5006547C6 = {
						CreatedOnToolsVersion = 10.1;
						TestTargetID = 98D0F68622A4D5E3006547C6;
					};
					98D0F6A522A4D5E5006547C6 = {
						CreatedOnToolsVersion = 10.1;
						TestTargetID = 98D0F68622A4D5E3006547C6;
					};
				};
			};
			buildConfigurationList = 98D0F68222A4D5E3006547C6 /* Build configuration list for PBXProject "Task RPG" */;
			compatibilityVersion = "Xcode 9.3";
			developmentRegion = en;
			hasScannedForEncodings = 0;
			knownRegions = (
				en,
				Base,
			);
			mainGroup = 98D0F67E22A4D5E3006547C6;
			productRefGroup = 98D0F68822A4D5E3006547C6 /* Products */;
			projectDirPath = "";
			projectRoot = "";
			targets = (
				98D0F68622A4D5E3006547C6 /* Task RPG */,
				98D0F69A22A4D5E5006547C6 /* Task RPGTests */,
				98D0F6A522A4D5E5006547C6 /* Task RPGUITests */,
			);
		};
/* End PBXProject section */

/* Begin PBXResourcesBuildPhase section */
		98D0F68522A4D5E3006547C6 /* Resources */ = {
			isa = PBXResourcesBuildPhase;
			buildActionMask = 2147483647;
			files = (
				98D0F69522A4D5E5006547C6 /* LaunchScreen.storyboard in Resources */,
				98D0F69222A4D5E5006547C6 /* Assets.xcassets in Resources */,
				98D0F69022A4D5E3006547C6 /* Main.storyboard in Resources */,
			);
			runOnlyForDeploymentPostprocessing = 0;
		};
		98D0F69922A4D5E5006547C6 /* Resources */ = {
			isa = PBXResourcesBuildPhase;
			buildActionMask = 2147483647;
			files = (
			);
			runOnlyForDeploymentPostprocessing = 0;
		};
		98D0F6A422A4D5E5006547C6 /* Resources */ = {
			isa = PBXResourcesBuildPhase;
			buildActionMask = 2147483647;
			files = (
			);
			runOnlyForDeploymentPostprocessing = 0;
		};
/* End PBXResourcesBuildPhase section */

/* Begin PBXSourcesBuildPhase section */
		98D0F68322A4D5E3006547C6 /* Sources */ = {
			isa = PBXSourcesBuildPhase;
			buildActionMask = 2147483647;
			files = (
				98D0F68D22A4D5E3006547C6 /* MenuViewController.swift in Sources */,
				98D0F68B22A4D5E3006547C6 /* AppDelegate.swift in Sources */,
				92DBB33B22A5F76600836263 /* TaskCell.swift in Sources */,
				98D0F6B922A4DCB3006547C6 /* TaskViewController.swift in Sources */,
			);
			runOnlyForDeploymentPostprocessing = 0;
		};
		98D0F69722A4D5E5006547C6 /* Sources */ = {
			isa = PBXSourcesBuildPhase;
			buildActionMask = 2147483647;
			files = (
				98D0F6A022A4D5E5006547C6 /* Task_RPGTests.swift in Sources */,
			);
			runOnlyForDeploymentPostprocessing = 0;
		};
		98D0F6A222A4D5E5006547C6 /* Sources */ = {
			isa = PBXSourcesBuildPhase;
			buildActionMask = 2147483647;
			files = (
				98D0F6AB22A4D5E5006547C6 /* Task_RPGUITests.swift in Sources */,
			);
			runOnlyForDeploymentPostprocessing = 0;
		};
/* End PBXSourcesBuildPhase section */

/* Begin PBXTargetDependency section */
		98D0F69D22A4D5E5006547C6 /* PBXTargetDependency */ = {
			isa = PBXTargetDependency;
			target = 98D0F68622A4D5E3006547C6 /* Task RPG */;
			targetProxy = 98D0F69C22A4D5E5006547C6 /* PBXContainerItemProxy */;
		};
		98D0F6A822A4D5E5006547C6 /* PBXTargetDependency */ = {
			isa = PBXTargetDependency;
			target = 98D0F68622A4D5E3006547C6 /* Task RPG */;
			targetProxy = 98D0F6A722A4D5E5006547C6 /* PBXContainerItemProxy */;
		};
/* End PBXTargetDependency section */

/* Begin PBXVariantGroup section */
		98D0F68E22A4D5E3006547C6 /* Main.storyboard */ = {
			isa = PBXVariantGroup;
			children = (
				98D0F68F22A4D5E3006547C6 /* Base */,
			);
			name = Main.storyboard;
			sourceTree = "<group>";
		};
		98D0F69322A4D5E5006547C6 /* LaunchScreen.storyboard */ = {
			isa = PBXVariantGroup;
			children = (
				98D0F69422A4D5E5006547C6 /* Base */,
			);
			name = LaunchScreen.storyboard;
			sourceTree = "<group>";
		};
/* End PBXVariantGroup section */

/* Begin XCBuildConfiguration section */
		98D0F6AD22A4D5E5006547C6 /* Debug */ = {
			isa = XCBuildConfiguration;
			buildSettings = {
				ALWAYS_SEARCH_USER_PATHS = NO;
				CLANG_ANALYZER_NONNULL = YES;
				CLANG_ANALYZER_NUMBER_OBJECT_CONVERSION = YES_AGGRESSIVE;
				CLANG_CXX_LANGUAGE_STANDARD = "gnu++14";
				CLANG_CXX_LIBRARY = "libc++";
				CLANG_ENABLE_MODULES = YES;
				CLANG_ENABLE_OBJC_ARC = YES;
				CLANG_ENABLE_OBJC_WEAK = YES;
				CLANG_WARN_BLOCK_CAPTURE_AUTORELEASING = YES;
				CLANG_WARN_BOOL_CONVERSION = YES;
				CLANG_WARN_COMMA = YES;
				CLANG_WARN_CONSTANT_CONVERSION = YES;
				CLANG_WARN_DEPRECATED_OBJC_IMPLEMENTATIONS = YES;
				CLANG_WARN_DIRECT_OBJC_ISA_USAGE = YES_ERROR;
				CLANG_WARN_DOCUMENTATION_COMMENTS = YES;
				CLANG_WARN_EMPTY_BODY = YES;
				CLANG_WARN_ENUM_CONVERSION = YES;
				CLANG_WARN_INFINITE_RECURSION = YES;
				CLANG_WARN_INT_CONVERSION = YES;
				CLANG_WARN_NON_LITERAL_NULL_CONVERSION = YES;
				CLANG_WARN_OBJC_IMPLICIT_RETAIN_SELF = YES;
				CLANG_WARN_OBJC_LITERAL_CONVERSION = YES;
				CLANG_WARN_OBJC_ROOT_CLASS = YES_ERROR;
				CLANG_WARN_RANGE_LOOP_ANALYSIS = YES;
				CLANG_WARN_STRICT_PROTOTYPES = YES;
				CLANG_WARN_SUSPICIOUS_MOVE = YES;
				CLANG_WARN_UNGUARDED_AVAILABILITY = YES_AGGRESSIVE;
				CLANG_WARN_UNREACHABLE_CODE = YES;
				CLANG_WARN__DUPLICATE_METHOD_MATCH = YES;
				CODE_SIGN_IDENTITY = "iPhone Developer";
				COPY_PHASE_STRIP = NO;
				DEBUG_INFORMATION_FORMAT = dwarf;
				ENABLE_STRICT_OBJC_MSGSEND = YES;
				ENABLE_TESTABILITY = YES;
				GCC_C_LANGUAGE_STANDARD = gnu11;
				GCC_DYNAMIC_NO_PIC = NO;
				GCC_NO_COMMON_BLOCKS = YES;
				GCC_OPTIMIZATION_LEVEL = 0;
				GCC_PREPROCESSOR_DEFINITIONS = (
					"DEBUG=1",
					"$(inherited)",
				);
				GCC_WARN_64_TO_32_BIT_CONVERSION = YES;
				GCC_WARN_ABOUT_RETURN_TYPE = YES_ERROR;
				GCC_WARN_UNDECLARED_SELECTOR = YES;
				GCC_WARN_UNINITIALIZED_AUTOS = YES_AGGRESSIVE;
				GCC_WARN_UNUSED_FUNCTION = YES;
				GCC_WARN_UNUSED_VARIABLE = YES;
				IPHONEOS_DEPLOYMENT_TARGET = 12.1;
				MTL_ENABLE_DEBUG_INFO = INCLUDE_SOURCE;
				MTL_FAST_MATH = YES;
				ONLY_ACTIVE_ARCH = YES;
				SDKROOT = iphoneos;
				SWIFT_ACTIVE_COMPILATION_CONDITIONS = DEBUG;
				SWIFT_OPTIMIZATION_LEVEL = "-Onone";
			};
			name = Debug;
		};
		98D0F6AE22A4D5E5006547C6 /* Release */ = {
			isa = XCBuildConfiguration;
			buildSettings = {
				ALWAYS_SEARCH_USER_PATHS = NO;
				CLANG_ANALYZER_NONNULL = YES;
				CLANG_ANALYZER_NUMBER_OBJECT_CONVERSION = YES_AGGRESSIVE;
				CLANG_CXX_LANGUAGE_STANDARD = "gnu++14";
				CLANG_CXX_LIBRARY = "libc++";
				CLANG_ENABLE_MODULES = YES;
				CLANG_ENABLE_OBJC_ARC = YES;
				CLANG_ENABLE_OBJC_WEAK = YES;
				CLANG_WARN_BLOCK_CAPTURE_AUTORELEASING = YES;
				CLANG_WARN_BOOL_CONVERSION = YES;
				CLANG_WARN_COMMA = YES;
				CLANG_WARN_CONSTANT_CONVERSION = YES;
				CLANG_WARN_DEPRECATED_OBJC_IMPLEMENTATIONS = YES;
				CLANG_WARN_DIRECT_OBJC_ISA_USAGE = YES_ERROR;
				CLANG_WARN_DOCUMENTATION_COMMENTS = YES;
				CLANG_WARN_EMPTY_BODY = YES;
				CLANG_WARN_ENUM_CONVERSION = YES;
				CLANG_WARN_INFINITE_RECURSION = YES;
				CLANG_WARN_INT_CONVERSION = YES;
				CLANG_WARN_NON_LITERAL_NULL_CONVERSION = YES;
				CLANG_WARN_OBJC_IMPLICIT_RETAIN_SELF = YES;
				CLANG_WARN_OBJC_LITERAL_CONVERSION = YES;
				CLANG_WARN_OBJC_ROOT_CLASS = YES_ERROR;
				CLANG_WARN_RANGE_LOOP_ANALYSIS = YES;
				CLANG_WARN_STRICT_PROTOTYPES = YES;
				CLANG_WARN_SUSPICIOUS_MOVE = YES;
				CLANG_WARN_UNGUARDED_AVAILABILITY = YES_AGGRESSIVE;
				CLANG_WARN_UNREACHABLE_CODE = YES;
				CLANG_WARN__DUPLICATE_METHOD_MATCH = YES;
				CODE_SIGN_IDENTITY = "iPhone Developer";
				COPY_PHASE_STRIP = NO;
				DEBUG_INFORMATION_FORMAT = "dwarf-with-dsym";
				ENABLE_NS_ASSERTIONS = NO;
				ENABLE_STRICT_OBJC_MSGSEND = YES;
				GCC_C_LANGUAGE_STANDARD = gnu11;
				GCC_NO_COMMON_BLOCKS = YES;
				GCC_WARN_64_TO_32_BIT_CONVERSION = YES;
				GCC_WARN_ABOUT_RETURN_TYPE = YES_ERROR;
				GCC_WARN_UNDECLARED_SELECTOR = YES;
				GCC_WARN_UNINITIALIZED_AUTOS = YES_AGGRESSIVE;
				GCC_WARN_UNUSED_FUNCTION = YES;
				GCC_WARN_UNUSED_VARIABLE = YES;
				IPHONEOS_DEPLOYMENT_TARGET = 12.1;
				MTL_ENABLE_DEBUG_INFO = NO;
				MTL_FAST_MATH = YES;
				SDKROOT = iphoneos;
				SWIFT_COMPILATION_MODE = wholemodule;
				SWIFT_OPTIMIZATION_LEVEL = "-O";
				VALIDATE_PRODUCT = YES;
			};
			name = Release;
		};
		98D0F6B022A4D5E5006547C6 /* Debug */ = {
			isa = XCBuildConfiguration;
			buildSettings = {
				ASSETCATALOG_COMPILER_APPICON_NAME = AppIcon;
				CODE_SIGN_STYLE = Automatic;
				INFOPLIST_FILE = "Task RPG/Info.plist";
				LD_RUNPATH_SEARCH_PATHS = (
					"$(inherited)",
					"@executable_path/Frameworks",
				);
				PRODUCT_BUNDLE_IDENTIFIER = "Laute.Task-RPG";
				PRODUCT_NAME = "$(TARGET_NAME)";
				SWIFT_VERSION = 4.2;
				TARGETED_DEVICE_FAMILY = "1,2";
			};
			name = Debug;
		};
		98D0F6B122A4D5E5006547C6 /* Release */ = {
			isa = XCBuildConfiguration;
			buildSettings = {
				ASSETCATALOG_COMPILER_APPICON_NAME = AppIcon;
				CODE_SIGN_STYLE = Automatic;
				INFOPLIST_FILE = "Task RPG/Info.plist";
				LD_RUNPATH_SEARCH_PATHS = (
					"$(inherited)",
					"@executable_path/Frameworks",
				);
				PRODUCT_BUNDLE_IDENTIFIER = "Laute.Task-RPG";
				PRODUCT_NAME = "$(TARGET_NAME)";
				SWIFT_VERSION = 4.2;
				TARGETED_DEVICE_FAMILY = "1,2";
			};
			name = Release;
		};
		98D0F6B322A4D5E5006547C6 /* Debug */ = {
			isa = XCBuildConfiguration;
			buildSettings = {
				ALWAYS_EMBED_SWIFT_STANDARD_LIBRARIES = YES;
				BUNDLE_LOADER = "$(TEST_HOST)";
				CODE_SIGN_STYLE = Automatic;
				INFOPLIST_FILE = "Task RPGTests/Info.plist";
				LD_RUNPATH_SEARCH_PATHS = (
					"$(inherited)",
					"@executable_path/Frameworks",
					"@loader_path/Frameworks",
				);
				PRODUCT_BUNDLE_IDENTIFIER = "Laute.Task-RPGTests";
				PRODUCT_NAME = "$(TARGET_NAME)";
				SWIFT_VERSION = 4.2;
				TARGETED_DEVICE_FAMILY = "1,2";
				TEST_HOST = "$(BUILT_PRODUCTS_DIR)/Task RPG.app/Task RPG";
			};
			name = Debug;
		};
		98D0F6B422A4D5E5006547C6 /* Release */ = {
			isa = XCBuildConfiguration;
			buildSettings = {
				ALWAYS_EMBED_SWIFT_STANDARD_LIBRARIES = YES;
				BUNDLE_LOADER = "$(TEST_HOST)";
				CODE_SIGN_STYLE = Automatic;
				INFOPLIST_FILE = "Task RPGTests/Info.plist";
				LD_RUNPATH_SEARCH_PATHS = (
					"$(inherited)",
					"@executable_path/Frameworks",
					"@loader_path/Frameworks",
				);
				PRODUCT_BUNDLE_IDENTIFIER = "Laute.Task-RPGTests";
				PRODUCT_NAME = "$(TARGET_NAME)";
				SWIFT_VERSION = 4.2;
				TARGETED_DEVICE_FAMILY = "1,2";
				TEST_HOST = "$(BUILT_PRODUCTS_DIR)/Task RPG.app/Task RPG";
			};
			name = Release;
		};
		98D0F6B622A4D5E5006547C6 /* Debug */ = {
			isa = XCBuildConfiguration;
			buildSettings = {
				ALWAYS_EMBED_SWIFT_STANDARD_LIBRARIES = YES;
				CODE_SIGN_STYLE = Automatic;
				INFOPLIST_FILE = "Task RPGUITests/Info.plist";
				LD_RUNPATH_SEARCH_PATHS = (
					"$(inherited)",
					"@executable_path/Frameworks",
					"@loader_path/Frameworks",
				);
				PRODUCT_BUNDLE_IDENTIFIER = "Laute.Task-RPGUITests";
				PRODUCT_NAME = "$(TARGET_NAME)";
				SWIFT_VERSION = 4.2;
				TARGETED_DEVICE_FAMILY = "1,2";
				TEST_TARGET_NAME = "Task RPG";
			};
			name = Debug;
		};
		98D0F6B722A4D5E5006547C6 /* Release */ = {
			isa = XCBuildConfiguration;
			buildSettings = {
				ALWAYS_EMBED_SWIFT_STANDARD_LIBRARIES = YES;
				CODE_SIGN_STYLE = Automatic;
				INFOPLIST_FILE = "Task RPGUITests/Info.plist";
				LD_RUNPATH_SEARCH_PATHS = (
					"$(inherited)",
					"@executable_path/Frameworks",
					"@loader_path/Frameworks",
				);
				PRODUCT_BUNDLE_IDENTIFIER = "Laute.Task-RPGUITests";
				PRODUCT_NAME = "$(TARGET_NAME)";
				SWIFT_VERSION = 4.2;
				TARGETED_DEVICE_FAMILY = "1,2";
				TEST_TARGET_NAME = "Task RPG";
			};
			name = Release;
		};
/* End XCBuildConfiguration section */

/* Begin XCConfigurationList section */
		98D0F68222A4D5E3006547C6 /* Build configuration list for PBXProject "Task RPG" */ = {
			isa = XCConfigurationList;
			buildConfigurations = (
				98D0F6AD22A4D5E5006547C6 /* Debug */,
				98D0F6AE22A4D5E5006547C6 /* Release */,
			);
			defaultConfigurationIsVisible = 0;
			defaultConfigurationName = Release;
		};
		98D0F6AF22A4D5E5006547C6 /* Build configuration list for PBXNativeTarget "Task RPG" */ = {
			isa = XCConfigurationList;
			buildConfigurations = (
				98D0F6B022A4D5E5006547C6 /* Debug */,
				98D0F6B122A4D5E5006547C6 /* Release */,
			);
			defaultConfigurationIsVisible = 0;
			defaultConfigurationName = Release;
		};
		98D0F6B222A4D5E5006547C6 /* Build configuration list for PBXNativeTarget "Task RPGTests" */ = {
			isa = XCConfigurationList;
			buildConfigurations = (
				98D0F6B322A4D5E5006547C6 /* Debug */,
				98D0F6B422A4D5E5006547C6 /* Release */,
			);
			defaultConfigurationIsVisible = 0;
			defaultConfigurationName = Release;
		};
		98D0F6B522A4D5E5006547C6 /* Build configuration list for PBXNativeTarget "Task RPGUITests" */ = {
			isa = XCConfigurationList;
			buildConfigurations = (
				98D0F6B622A4D5E5006547C6 /* Debug */,
				98D0F6B722A4D5E5006547C6 /* Release */,
			);
			defaultConfigurationIsVisible = 0;
			defaultConfigurationName = Release;
		};
/* End XCConfigurationList section */
	};
	rootObject = 98D0F67F22A4D5E3006547C6 /* Project object */;
}
